// !$*UTF8*$!
{
	archiveVersion = 1;
	classes = {
	};
	objectVersion = 46;
	objects = {

/* Begin PBXBuildFile section */
		D104244C1921E658001737BF /* ALWindowController.m in Sources */ = {isa = PBXBuildFile; fileRef = D104244A1921E658001737BF /* ALWindowController.m */; };
		D104244D1921E658001737BF /* ALWindowController.xib in Resources */ = {isa = PBXBuildFile; fileRef = D104244B1921E658001737BF /* ALWindowController.xib */; };
		D10A516E191FBE420046B730 /* ALRequest.m in Sources */ = {isa = PBXBuildFile; fileRef = D10A516D191FBE420046B730 /* ALRequest.m */; };
		D12D6F691928884700FDB309 /* HeaderNames.plist in Resources */ = {isa = PBXBuildFile; fileRef = D12D6F671928884700FDB309 /* HeaderNames.plist */; };
		D12D6F6A1928884700FDB309 /* HeaderValues.plist in Resources */ = {isa = PBXBuildFile; fileRef = D12D6F681928884700FDB309 /* HeaderValues.plist */; };
		D17F7172191A22F000DB6D72 /* Cocoa.framework in Frameworks */ = {isa = PBXBuildFile; fileRef = D17F7171191A22F000DB6D72 /* Cocoa.framework */; };
		D17F717C191A22F000DB6D72 /* InfoPlist.strings in Resources */ = {isa = PBXBuildFile; fileRef = D17F717A191A22F000DB6D72 /* InfoPlist.strings */; };
		D17F717E191A22F000DB6D72 /* main.m in Sources */ = {isa = PBXBuildFile; fileRef = D17F717D191A22F000DB6D72 /* main.m */; };
		D17F7182191A22F100DB6D72 /* Credits.rtf in Resources */ = {isa = PBXBuildFile; fileRef = D17F7180191A22F100DB6D72 /* Credits.rtf */; };
		D17F7185191A22F100DB6D72 /* ALAppDelegate.m in Sources */ = {isa = PBXBuildFile; fileRef = D17F7184191A22F100DB6D72 /* ALAppDelegate.m */; };
		D17F7188191A22F100DB6D72 /* MainMenu.xib in Resources */ = {isa = PBXBuildFile; fileRef = D17F7186191A22F100DB6D72 /* MainMenu.xib */; };
		D17F718A191A22F100DB6D72 /* Images.xcassets in Resources */ = {isa = PBXBuildFile; fileRef = D17F7189191A22F100DB6D72 /* Images.xcassets */; };
		D17F7191191A22F100DB6D72 /* XCTest.framework in Frameworks */ = {isa = PBXBuildFile; fileRef = D17F7190191A22F100DB6D72 /* XCTest.framework */; };
		D17F7192191A22F100DB6D72 /* Cocoa.framework in Frameworks */ = {isa = PBXBuildFile; fileRef = D17F7171191A22F000DB6D72 /* Cocoa.framework */; };
/* End PBXBuildFile section */

/* Begin PBXContainerItemProxy section */
		D17F7193191A22F100DB6D72 /* PBXContainerItemProxy */ = {
			isa = PBXContainerItemProxy;
			containerPortal = D17F7166191A22F000DB6D72 /* Project object */;
			proxyType = 1;
			remoteGlobalIDString = D17F716D191A22F000DB6D72;
			remoteInfo = HttpTool;
		};
/* End PBXContainerItemProxy section */

/* Begin PBXFileReference section */
		D10424491921E658001737BF /* ALWindowController.h */ = {isa = PBXFileReference; fileEncoding = 4; lastKnownFileType = sourcecode.c.h; name = ALWindowController.h; path = HttpTool/ALWindowController.h; sourceTree = "<group>"; };
		D104244A1921E658001737BF /* ALWindowController.m */ = {isa = PBXFileReference; fileEncoding = 4; lastKnownFileType = sourcecode.c.objc; name = ALWindowController.m; path = HttpTool/ALWindowController.m; sourceTree = "<group>"; };
		D104244B1921E658001737BF /* ALWindowController.xib */ = {isa = PBXFileReference; fileEncoding = 4; lastKnownFileType = file.xib; name = ALWindowController.xib; path = HttpTool/ALWindowController.xib; sourceTree = "<group>"; };
		D10A516C191FBE420046B730 /* ALRequest.h */ = {isa = PBXFileReference; fileEncoding = 4; lastKnownFileType = sourcecode.c.h; name = ALRequest.h; path = HttpTool/ALRequest.h; sourceTree = "<group>"; };
		D10A516D191FBE420046B730 /* ALRequest.m */ = {isa = PBXFileReference; fileEncoding = 4; lastKnownFileType = sourcecode.c.objc; name = ALRequest.m; path = HttpTool/ALRequest.m; sourceTree = "<group>"; };
		D12D6F671928884700FDB309 /* HeaderNames.plist */ = {isa = PBXFileReference; fileEncoding = 4; lastKnownFileType = text.plist.xml; name = HeaderNames.plist; path = HttpTool/HeaderNames.plist; sourceTree = "<group>"; };
		D12D6F681928884700FDB309 /* HeaderValues.plist */ = {isa = PBXFileReference; fileEncoding = 4; lastKnownFileType = text.plist.xml; name = HeaderValues.plist; path = HttpTool/HeaderValues.plist; sourceTree = "<group>"; };
		D17F716E191A22F000DB6D72 /* HttpTool.app */ = {isa = PBXFileReference; explicitFileType = wrapper.application; includeInIndex = 0; path = HttpTool.app; sourceTree = BUILT_PRODUCTS_DIR; };
		D17F7171191A22F000DB6D72 /* Cocoa.framework */ = {isa = PBXFileReference; lastKnownFileType = wrapper.framework; name = Cocoa.framework; path = System/Library/Frameworks/Cocoa.framework; sourceTree = SDKROOT; };
		D17F7174191A22F000DB6D72 /* AppKit.framework */ = {isa = PBXFileReference; lastKnownFileType = wrapper.framework; name = AppKit.framework; path = System/Library/Frameworks/AppKit.framework; sourceTree = SDKROOT; };
		D17F7175191A22F000DB6D72 /* CoreData.framework */ = {isa = PBXFileReference; lastKnownFileType = wrapper.framework; name = CoreData.framework; path = System/Library/Frameworks/CoreData.framework; sourceTree = SDKROOT; };
		D17F7176191A22F000DB6D72 /* Foundation.framework */ = {isa = PBXFileReference; lastKnownFileType = wrapper.framework; name = Foundation.framework; path = System/Library/Frameworks/Foundation.framework; sourceTree = SDKROOT; };
		D17F7179191A22F000DB6D72 /* HttpTool-Info.plist */ = {isa = PBXFileReference; lastKnownFileType = text.plist.xml; name = "HttpTool-Info.plist"; path = "HttpTool/HttpTool-Info.plist"; sourceTree = "<group>"; };
		D17F717B191A22F000DB6D72 /* en */ = {isa = PBXFileReference; lastKnownFileType = text.plist.strings; name = en; path = en.lproj/InfoPlist.strings; sourceTree = "<group>"; };
		D17F717D191A22F000DB6D72 /* main.m */ = {isa = PBXFileReference; lastKnownFileType = sourcecode.c.objc; name = main.m; path = HttpTool/main.m; sourceTree = "<group>"; };
		D17F717F191A22F000DB6D72 /* HttpTool-Prefix.pch */ = {isa = PBXFileReference; lastKnownFileType = sourcecode.c.h; name = "HttpTool-Prefix.pch"; path = "HttpTool/HttpTool-Prefix.pch"; sourceTree = "<group>"; };
		D17F7181191A22F100DB6D72 /* en */ = {isa = PBXFileReference; lastKnownFileType = text.rtf; name = en; path = en.lproj/Credits.rtf; sourceTree = "<group>"; };
		D17F7183191A22F100DB6D72 /* ALAppDelegate.h */ = {isa = PBXFileReference; lastKnownFileType = sourcecode.c.h; name = ALAppDelegate.h; path = HttpTool/ALAppDelegate.h; sourceTree = "<group>"; };
		D17F7184191A22F100DB6D72 /* ALAppDelegate.m */ = {isa = PBXFileReference; lastKnownFileType = sourcecode.c.objc; name = ALAppDelegate.m; path = HttpTool/ALAppDelegate.m; sourceTree = "<group>"; };
		D17F7187191A22F100DB6D72 /* Base */ = {isa = PBXFileReference; lastKnownFileType = file.xib; name = Base; path = Base.lproj/MainMenu.xib; sourceTree = "<group>"; };
		D17F7189191A22F100DB6D72 /* Images.xcassets */ = {isa = PBXFileReference; lastKnownFileType = folder.assetcatalog; name = Images.xcassets; path = HttpTool/Images.xcassets; sourceTree = "<group>"; };
		D17F718F191A22F100DB6D72 /* HttpToolTests.xctest */ = {isa = PBXFileReference; explicitFileType = wrapper.cfbundle; includeInIndex = 0; path = HttpToolTests.xctest; sourceTree = BUILT_PRODUCTS_DIR; };
		D17F7190191A22F100DB6D72 /* XCTest.framework */ = {isa = PBXFileReference; lastKnownFileType = wrapper.framework; name = XCTest.framework; path = Library/Frameworks/XCTest.framework; sourceTree = DEVELOPER_DIR; };
/* End PBXFileReference section */

/* Begin PBXFrameworksBuildPhase section */
		D17F716B191A22F000DB6D72 /* Frameworks */ = {
			isa = PBXFrameworksBuildPhase;
			buildActionMask = 2147483647;
			files = (
				D17F7172191A22F000DB6D72 /* Cocoa.framework in Frameworks */,
			);
			runOnlyForDeploymentPostprocessing = 0;
		};
		D17F718C191A22F100DB6D72 /* Frameworks */ = {
			isa = PBXFrameworksBuildPhase;
			buildActionMask = 2147483647;
			files = (
				D17F7192191A22F100DB6D72 /* Cocoa.framework in Frameworks */,
				D17F7191191A22F100DB6D72 /* XCTest.framework in Frameworks */,
			);
			runOnlyForDeploymentPostprocessing = 0;
		};
/* End PBXFrameworksBuildPhase section */

/* Begin PBXGroup section */
		D104244E1921EC32001737BF /* Interfaces */ = {
			isa = PBXGroup;
			children = (
				D17F7186191A22F100DB6D72 /* MainMenu.xib */,
				D104244B1921E658001737BF /* ALWindowController.xib */,
			);
			name = Interfaces;
			sourceTree = "<group>";
		};
		D104244F1921EC63001737BF /* Sources */ = {
			isa = PBXGroup;
			children = (
				D10A516C191FBE420046B730 /* ALRequest.h */,
				D10A516D191FBE420046B730 /* ALRequest.m */,
				D17F7183191A22F100DB6D72 /* ALAppDelegate.h */,
				D17F7184191A22F100DB6D72 /* ALAppDelegate.m */,
				D10424491921E658001737BF /* ALWindowController.h */,
				D104244A1921E658001737BF /* ALWindowController.m */,
			);
			name = Sources;
			sourceTree = "<group>";
		};
		D10424501921EC85001737BF /* Resources */ = {
			isa = PBXGroup;
			children = (
				D12D6F671928884700FDB309 /* HeaderNames.plist */,
				D12D6F681928884700FDB309 /* HeaderValues.plist */,
				D17F7189191A22F100DB6D72 /* Images.xcassets */,
				D17F7179191A22F000DB6D72 /* HttpTool-Info.plist */,
				D17F717A191A22F000DB6D72 /* InfoPlist.strings */,
				D17F717D191A22F000DB6D72 /* main.m */,
				D17F717F191A22F000DB6D72 /* HttpTool-Prefix.pch */,
				D17F7180191A22F100DB6D72 /* Credits.rtf */,
			);
			name = Resources;
			sourceTree = "<group>";
		};
		D17F7165191A22F000DB6D72 = {
			isa = PBXGroup;
			children = (
				D10424501921EC85001737BF /* Resources */,
				D104244F1921EC63001737BF /* Sources */,
				D104244E1921EC32001737BF /* Interfaces */,
				D17F7170191A22F000DB6D72 /* Frameworks */,
				D17F716F191A22F000DB6D72 /* Products */,
			);
			sourceTree = "<group>";
		};
		D17F716F191A22F000DB6D72 /* Products */ = {
			isa = PBXGroup;
			children = (
				D17F716E191A22F000DB6D72 /* HttpTool.app */,
				D17F718F191A22F100DB6D72 /* HttpToolTests.xctest */,
			);
			name = Products;
			sourceTree = "<group>";
		};
		D17F7170191A22F000DB6D72 /* Frameworks */ = {
			isa = PBXGroup;
			children = (
				D17F7171191A22F000DB6D72 /* Cocoa.framework */,
				D17F7190191A22F100DB6D72 /* XCTest.framework */,
				D17F7173191A22F000DB6D72 /* Other Frameworks */,
			);
			name = Frameworks;
			sourceTree = "<group>";
		};
		D17F7173191A22F000DB6D72 /* Other Frameworks */ = {
			isa = PBXGroup;
			children = (
				D17F7174191A22F000DB6D72 /* AppKit.framework */,
				D17F7175191A22F000DB6D72 /* CoreData.framework */,
				D17F7176191A22F000DB6D72 /* Foundation.framework */,
			);
			name = "Other Frameworks";
			sourceTree = "<group>";
		};
/* End PBXGroup section */

/* Begin PBXNativeTarget section */
		D17F716D191A22F000DB6D72 /* HttpTool */ = {
			isa = PBXNativeTarget;
			buildConfigurationList = D17F719F191A22F100DB6D72 /* Build configuration list for PBXNativeTarget "HttpTool" */;
			buildPhases = (
				D17F716A191A22F000DB6D72 /* Sources */,
				D17F716B191A22F000DB6D72 /* Frameworks */,
				D17F716C191A22F000DB6D72 /* Resources */,
			);
			buildRules = (
			);
			dependencies = (
			);
			name = HttpTool;
			productName = HttpTool;
			productReference = D17F716E191A22F000DB6D72 /* HttpTool.app */;
			productType = "com.apple.product-type.application";
		};
		D17F718E191A22F100DB6D72 /* HttpToolTests */ = {
			isa = PBXNativeTarget;
			buildConfigurationList = D17F71A2191A22F100DB6D72 /* Build configuration list for PBXNativeTarget "HttpToolTests" */;
			buildPhases = (
				D17F718B191A22F100DB6D72 /* Sources */,
				D17F718C191A22F100DB6D72 /* Frameworks */,
				D17F718D191A22F100DB6D72 /* Resources */,
			);
			buildRules = (
			);
			dependencies = (
				D17F7194191A22F100DB6D72 /* PBXTargetDependency */,
			);
			name = HttpToolTests;
			productName = HttpToolTests;
			productReference = D17F718F191A22F100DB6D72 /* HttpToolTests.xctest */;
			productType = "com.apple.product-type.bundle.unit-test";
		};
/* End PBXNativeTarget section */

/* Begin PBXProject section */
		D17F7166191A22F000DB6D72 /* Project object */ = {
			isa = PBXProject;
			attributes = {
				CLASSPREFIX = AL;
				LastUpgradeCheck = 0510;
				ORGANIZATIONNAME = "Allen Zhong";
				TargetAttributes = {
					D17F718E191A22F100DB6D72 = {
						TestTargetID = D17F716D191A22F000DB6D72;
					};
				};
			};
			buildConfigurationList = D17F7169191A22F000DB6D72 /* Build configuration list for PBXProject "HttpTool" */;
			compatibilityVersion = "Xcode 3.2";
			developmentRegion = English;
			hasScannedForEncodings = 0;
			knownRegions = (
				en,
				Base,
			);
			mainGroup = D17F7165191A22F000DB6D72;
			productRefGroup = D17F716F191A22F000DB6D72 /* Products */;
			projectDirPath = "";
			projectRoot = "";
			targets = (
				D17F716D191A22F000DB6D72 /* HttpTool */,
				D17F718E191A22F100DB6D72 /* HttpToolTests */,
			);
		};
/* End PBXProject section */

/* Begin PBXResourcesBuildPhase section */
		D17F716C191A22F000DB6D72 /* Resources */ = {
			isa = PBXResourcesBuildPhase;
			buildActionMask = 2147483647;
			files = (
				D12D6F691928884700FDB309 /* HeaderNames.plist in Resources */,
				D17F717C191A22F000DB6D72 /* InfoPlist.strings in Resources */,
				D104244D1921E658001737BF /* ALWindowController.xib in Resources */,
				D17F718A191A22F100DB6D72 /* Images.xcassets in Resources */,
				D12D6F6A1928884700FDB309 /* HeaderValues.plist in Resources */,
				D17F7182191A22F100DB6D72 /* Credits.rtf in Resources */,
				D17F7188191A22F100DB6D72 /* MainMenu.xib in Resources */,
			);
			runOnlyForDeploymentPostprocessing = 0;
		};
		D17F718D191A22F100DB6D72 /* Resources */ = {
			isa = PBXResourcesBuildPhase;
			buildActionMask = 2147483647;
			files = (
			);
			runOnlyForDeploymentPostprocessing = 0;
		};
/* End PBXResourcesBuildPhase section */

/* Begin PBXSourcesBuildPhase section */
		D17F716A191A22F000DB6D72 /* Sources */ = {
			isa = PBXSourcesBuildPhase;
			buildActionMask = 2147483647;
			files = (
				D104244C1921E658001737BF /* ALWindowController.m in Sources */,
				D10A516E191FBE420046B730 /* ALRequest.m in Sources */,
				D17F717E191A22F000DB6D72 /* main.m in Sources */,
				D17F7185191A22F100DB6D72 /* ALAppDelegate.m in Sources */,
			);
			runOnlyForDeploymentPostprocessing = 0;
		};
		D17F718B191A22F100DB6D72 /* Sources */ = {
			isa = PBXSourcesBuildPhase;
			buildActionMask = 2147483647;
			files = (
			);
			runOnlyForDeploymentPostprocessing = 0;
		};
/* End PBXSourcesBuildPhase section */

/* Begin PBXTargetDependency section */
		D17F7194191A22F100DB6D72 /* PBXTargetDependency */ = {
			isa = PBXTargetDependency;
			target = D17F716D191A22F000DB6D72 /* HttpTool */;
			targetProxy = D17F7193191A22F100DB6D72 /* PBXContainerItemProxy */;
		};
/* End PBXTargetDependency section */

/* Begin PBXVariantGroup section */
		D17F717A191A22F000DB6D72 /* InfoPlist.strings */ = {
			isa = PBXVariantGroup;
			children = (
				D17F717B191A22F000DB6D72 /* en */,
			);
			name = InfoPlist.strings;
			path = HttpTool;
			sourceTree = "<group>";
		};
		D17F7180191A22F100DB6D72 /* Credits.rtf */ = {
			isa = PBXVariantGroup;
			children = (
				D17F7181191A22F100DB6D72 /* en */,
			);
			name = Credits.rtf;
			path = HttpTool;
			sourceTree = "<group>";
		};
		D17F7186191A22F100DB6D72 /* MainMenu.xib */ = {
			isa = PBXVariantGroup;
			children = (
				D17F7187191A22F100DB6D72 /* Base */,
			);
			name = MainMenu.xib;
			path = HttpTool;
			sourceTree = "<group>";
		};
/* End PBXVariantGroup section */

/* Begin XCBuildConfiguration section */
		D17F719D191A22F100DB6D72 /* Debug */ = {
			isa = XCBuildConfiguration;
			buildSettings = {
				ALWAYS_SEARCH_USER_PATHS = NO;
				CLANG_CXX_LANGUAGE_STANDARD = "gnu++0x";
				CLANG_CXX_LIBRARY = "libc++";
				CLANG_ENABLE_MODULES = YES;
				CLANG_ENABLE_OBJC_ARC = YES;
				CLANG_WARN_BOOL_CONVERSION = YES;
				CLANG_WARN_CONSTANT_CONVERSION = YES;
				CLANG_WARN_DIRECT_OBJC_ISA_USAGE = YES_ERROR;
				CLANG_WARN_EMPTY_BODY = YES;
				CLANG_WARN_ENUM_CONVERSION = YES;
				CLANG_WARN_INT_CONVERSION = YES;
				CLANG_WARN_OBJC_ROOT_CLASS = YES_ERROR;
				CLANG_WARN__DUPLICATE_METHOD_MATCH = YES;
				COPY_PHASE_STRIP = NO;
				GCC_C_LANGUAGE_STANDARD = gnu99;
				GCC_DYNAMIC_NO_PIC = NO;
				GCC_ENABLE_OBJC_EXCEPTIONS = YES;
				GCC_OPTIMIZATION_LEVEL = 0;
				GCC_PREPROCESSOR_DEFINITIONS = (
					"DEBUG=1",
					"$(inherited)",
				);
				GCC_SYMBOLS_PRIVATE_EXTERN = NO;
				GCC_WARN_64_TO_32_BIT_CONVERSION = YES;
				GCC_WARN_ABOUT_RETURN_TYPE = YES_ERROR;
				GCC_WARN_UNDECLARED_SELECTOR = YES;
				GCC_WARN_UNINITIALIZED_AUTOS = YES_AGGRESSIVE;
				GCC_WARN_UNUSED_FUNCTION = YES;
				GCC_WARN_UNUSED_VARIABLE = YES;
				MACOSX_DEPLOYMENT_TARGET = 10.9;
				ONLY_ACTIVE_ARCH = YES;
				SDKROOT = macosx;
			};
			name = Debug;
		};
		D17F719E191A22F100DB6D72 /* Release */ = {
			isa = XCBuildConfiguration;
			buildSettings = {
				ALWAYS_SEARCH_USER_PATHS = NO;
				CLANG_CXX_LANGUAGE_STANDARD = "gnu++0x";
				CLANG_CXX_LIBRARY = "libc++";
				CLANG_ENABLE_MODULES = YES;
				CLANG_ENABLE_OBJC_ARC = YES;
				CLANG_WARN_BOOL_CONVERSION = YES;
				CLANG_WARN_CONSTANT_CONVERSION = YES;
				CLANG_WARN_DIRECT_OBJC_ISA_USAGE = YES_ERROR;
				CLANG_WARN_EMPTY_BODY = YES;
				CLANG_WARN_ENUM_CONVERSION = YES;
				CLANG_WARN_INT_CONVERSION = YES;
				CLANG_WARN_OBJC_ROOT_CLASS = YES_ERROR;
				CLANG_WARN__DUPLICATE_METHOD_MATCH = YES;
				COPY_PHASE_STRIP = YES;
				DEBUG_INFORMATION_FORMAT = "dwarf-with-dsym";
				ENABLE_NS_ASSERTIONS = NO;
				GCC_C_LANGUAGE_STANDARD = gnu99;
				GCC_ENABLE_OBJC_EXCEPTIONS = YES;
				GCC_WARN_64_TO_32_BIT_CONVERSION = YES;
				GCC_WARN_ABOUT_RETURN_TYPE = YES_ERROR;
				GCC_WARN_UNDECLARED_SELECTOR = YES;
				GCC_WARN_UNINITIALIZED_AUTOS = YES_AGGRESSIVE;
				GCC_WARN_UNUSED_FUNCTION = YES;
				GCC_WARN_UNUSED_VARIABLE = YES;
				MACOSX_DEPLOYMENT_TARGET = 10.9;
				SDKROOT = macosx;
			};
			name = Release;
		};
		D17F71A0191A22F100DB6D72 /* Debug */ = {
			isa = XCBuildConfiguration;
			buildSettings = {
				ASSETCATALOG_COMPILER_APPICON_NAME = AppIcon;
				COMBINE_HIDPI_IMAGES = YES;
				GCC_PRECOMPILE_PREFIX_HEADER = YES;
				GCC_PREFIX_HEADER = "HttpTool/HttpTool-Prefix.pch";
				INFOPLIST_FILE = "HttpTool/HttpTool-Info.plist";
				PRODUCT_NAME = "$(TARGET_NAME)";
				WRAPPER_EXTENSION = app;
			};
			name = Debug;
		};
		D17F71A1191A22F100DB6D72 /* Release */ = {
			isa = XCBuildConfiguration;
			buildSettings = {
				ASSETCATALOG_COMPILER_APPICON_NAME = AppIcon;
				COMBINE_HIDPI_IMAGES = YES;
				GCC_PRECOMPILE_PREFIX_HEADER = YES;
				GCC_PREFIX_HEADER = "HttpTool/HttpTool-Prefix.pch";
				INFOPLIST_FILE = "HttpTool/HttpTool-Info.plist";
				PRODUCT_NAME = "$(TARGET_NAME)";
				WRAPPER_EXTENSION = app;
			};
			name = Release;
		};
		D17F71A3191A22F100DB6D72 /* Debug */ = {
			isa = XCBuildConfiguration;
			buildSettings = {
				BUNDLE_LOADER = "$(BUILT_PRODUCTS_DIR)/HttpTool.app/Contents/MacOS/HttpTool";
				COMBINE_HIDPI_IMAGES = YES;
				FRAMEWORK_SEARCH_PATHS = (
					"$(DEVELOPER_FRAMEWORKS_DIR)",
					"$(inherited)",
				);
				GCC_PRECOMPILE_PREFIX_HEADER = YES;
				GCC_PREFIX_HEADER = "HttpTool/HttpTool-Prefix.pch";
				GCC_PREPROCESSOR_DEFINITIONS = (
					"DEBUG=1",
					"$(inherited)",
				);
				INFOPLIST_FILE = "HttpToolTests/HttpToolTests-Info.plist";
				PRODUCT_NAME = "$(TARGET_NAME)";
				TEST_HOST = "$(BUNDLE_LOADER)";
				WRAPPER_EXTENSION = xctest;
			};
			name = Debug;
		};
		D17F71A4191A22F100DB6D72 /* Release */ = {
			isa = XCBuildConfiguration;
			buildSettings = {
				BUNDLE_LOADER = "$(BUILT_PRODUCTS_DIR)/HttpTool.app/Contents/MacOS/HttpTool";
				COMBINE_HIDPI_IMAGES = YES;
				FRAMEWORK_SEARCH_PATHS = (
					"$(DEVELOPER_FRAMEWORKS_DIR)",
					"$(inherited)",
				);
				GCC_PRECOMPILE_PREFIX_HEADER = YES;
				GCC_PREFIX_HEADER = "HttpTool/HttpTool-Prefix.pch";
				INFOPLIST_FILE = "HttpToolTests/HttpToolTests-Info.plist";
				PRODUCT_NAME = "$(TARGET_NAME)";
				TEST_HOST = "$(BUNDLE_LOADER)";
				WRAPPER_EXTENSION = xctest;
			};
			name = Release;
		};
/* End XCBuildConfiguration section */

/* Begin XCConfigurationList section */
		D17F7169191A22F000DB6D72 /* Build configuration list for PBXProject "HttpTool" */ = {
			isa = XCConfigurationList;
			buildConfigurations = (
				D17F719D191A22F100DB6D72 /* Debug */,
				D17F719E191A22F100DB6D72 /* Release */,
			);
			defaultConfigurationIsVisible = 0;
			defaultConfigurationName = Release;
		};
		D17F719F191A22F100DB6D72 /* Build configuration list for PBXNativeTarget "HttpTool" */ = {
			isa = XCConfigurationList;
			buildConfigurations = (
				D17F71A0191A22F100DB6D72 /* Debug */,
				D17F71A1191A22F100DB6D72 /* Release */,
			);
			defaultConfigurationIsVisible = 0;
			defaultConfigurationName = Release;
		};
		D17F71A2191A22F100DB6D72 /* Build configuration list for PBXNativeTarget "HttpToolTests" */ = {
			isa = XCConfigurationList;
			buildConfigurations = (
				D17F71A3191A22F100DB6D72 /* Debug */,
				D17F71A4191A22F100DB6D72 /* Release */,
			);
			defaultConfigurationIsVisible = 0;
			defaultConfigurationName = Release;
		};
/* End XCConfigurationList section */
	};
	rootObject = D17F7166191A22F000DB6D72 /* Project object */;
}
